
Microsoft Visual Studio Solution File, Format Version 12.00
# Visual Studio Version 17
VisualStudioVersion = 17.1.32328.378
MinimumVisualStudioVersion = 10.0.40219.1
Project("{FAE04EC0-301F-11D3-BF4B-00C04F79EFBC}") = "WebApplication5", "WebApplication5\WebApplication5.csproj", "{ED71F57A-188E-4D7B-B1E0-725507049E69}"
EndProject
Global
	GlobalSection(SolutionConfigurationPlatforms) = preSolution
		Debug|Any CPU = Debug|Any CPU
		Release|Any CPU = Release|Any CPU
	EndGlobalSection
	GlobalSection(ProjectConfigurationPlatforms) = postSolution
		{ED71F57A-188E-4D7B-B1E0-725507049E69}.Debug|Any CPU.ActiveCfg = Debug|Any CPU
		{ED71F57A-188E-4D7B-B1E0-725507049E69}.Debug|Any CPU.Build.0 = Debug|Any CPU
		{ED71F57A-188E-4D7B-B1E0-725507049E69}.Release|Any CPU.ActiveCfg = Release|Any CPU
		{ED71F57A-188E-4D7B-B1E0-725507049E69}.Release|Any CPU.Build.0 = Release|Any CPU
	EndGlobalSection
	GlobalSection(SolutionProperties) = preSolution
		HideSolutionNode = FALSE
	EndGlobalSection
	GlobalSection(ExtensibilityGlobals) = postSolution
		SolutionGuid = {B19CCDC1-A53D-402D-B154-10F3C39556DE}
	EndGlobalSection
EndGlobal
